
Microsoft Visual Studio Solution File, Format Version 12.00
# Visual Studio Version 17
VisualStudioVersion = 17.10.35122.118
MinimumVisualStudioVersion = 10.0.40219.1
Project("{FAE04EC0-301F-11D3-BF4B-00C04F79EFBC}") = "SwitchCoinDivider", "SwitchCoinDivider.csproj", "{4AC43C6B-740A-4D69-A7FD-97B746CA6AE8}"
EndProject
Global
	GlobalSection(SolutionConfigurationPlatforms) = preSolution
		Debug|Any CPU = Debug|Any CPU
		Release|Any CPU = Release|Any CPU
	EndGlobalSection
	GlobalSection(ProjectConfigurationPlatforms) = postSolution
		{4AC43C6B-740A-4D69-A7FD-97B746CA6AE8}.Debug|Any CPU.ActiveCfg = Debug|Any CPU
		{4AC43C6B-740A-4D69-A7FD-97B746CA6AE8}.Debug|Any CPU.Build.0 = Debug|Any CPU
		{4AC43C6B-740A-4D69-A7FD-97B746CA6AE8}.Release|Any CPU.ActiveCfg = Release|Any CPU
		{4AC43C6B-740A-4D69-A7FD-97B746CA6AE8}.Release|Any CPU.Build.0 = Release|Any CPU
	EndGlobalSection
	GlobalSection(SolutionProperties) = preSolution
		HideSolutionNode = FALSE
	EndGlobalSection
	GlobalSection(ExtensibilityGlobals) = postSolution
		SolutionGuid = {7410A6E4-754A-4B1E-9EC8-66378BA555EB}
	EndGlobalSection
EndGlobal
