
Microsoft Visual Studio Solution File, Format Version 12.00
# Visual Studio Version 17
VisualStudioVersion = 17.10.35122.118
MinimumVisualStudioVersion = 10.0.40219.1
Project("{FAE04EC0-301F-11D3-BF4B-00C04F79EFBC}") = "IFElseNesting", "IFElseNesting.csproj", "{D42654DF-470F-4703-8B12-6E8287F69F6A}"
EndProject
Global
	GlobalSection(SolutionConfigurationPlatforms) = preSolution
		Debug|Any CPU = Debug|Any CPU
		Release|Any CPU = Release|Any CPU
	EndGlobalSection
	GlobalSection(ProjectConfigurationPlatforms) = postSolution
		{D42654DF-470F-4703-8B12-6E8287F69F6A}.Debug|Any CPU.ActiveCfg = Debug|Any CPU
		{D42654DF-470F-4703-8B12-6E8287F69F6A}.Debug|Any CPU.Build.0 = Debug|Any CPU
		{D42654DF-470F-4703-8B12-6E8287F69F6A}.Release|Any CPU.ActiveCfg = Release|Any CPU
		{D42654DF-470F-4703-8B12-6E8287F69F6A}.Release|Any CPU.Build.0 = Release|Any CPU
	EndGlobalSection
	GlobalSection(SolutionProperties) = preSolution
		HideSolutionNode = FALSE
	EndGlobalSection
	GlobalSection(ExtensibilityGlobals) = postSolution
		SolutionGuid = {52EABBFB-3C37-46A1-AC62-972F15AE36CC}
	EndGlobalSection
EndGlobal
